// !$*UTF8*$!
{
	archiveVersion = 1;
	classes = {
	};
	objectVersion = 56;
	objects = {

/* Begin PBXBuildFile section */
		B85BF5942B39DF75007AB774 /* EmojiDrawApp.swift in Sources */ = {isa = PBXBuildFile; fileRef = B85BF5932B39DF75007AB774 /* EmojiDrawApp.swift */; };
		B85BF5962B39DF75007AB774 /* ContentView.swift in Sources */ = {isa = PBXBuildFile; fileRef = B85BF5952B39DF75007AB774 /* ContentView.swift */; };
		B85BF5982B39DF77007AB774 /* Assets.xcassets in Resources */ = {isa = PBXBuildFile; fileRef = B85BF5972B39DF77007AB774 /* Assets.xcassets */; };
		B85BF59B2B39DF77007AB774 /* Preview Assets.xcassets in Resources */ = {isa = PBXBuildFile; fileRef = B85BF59A2B39DF77007AB774 /* Preview Assets.xcassets */; };
		B85BF5A22B39DFD0007AB774 /* EmojiArtModel.swift in Sources */ = {isa = PBXBuildFile; fileRef = B85BF5A12B39DFD0007AB774 /* EmojiArtModel.swift */; };
		B85BF5A42B39E06B007AB774 /* EmojiArtDocument.swift in Sources */ = {isa = PBXBuildFile; fileRef = B85BF5A32B39E06B007AB774 /* EmojiArtDocument.swift */; };
		B85BF5A62B39E80D007AB774 /* EmojiArtDocumentView.swift in Sources */ = {isa = PBXBuildFile; fileRef = B85BF5A52B39E80D007AB774 /* EmojiArtDocumentView.swift */; };
		B85BF5A82B39E9E6007AB774 /* Extensions.swift in Sources */ = {isa = PBXBuildFile; fileRef = B85BF5A72B39E9E6007AB774 /* Extensions.swift */; };
		B85BF5AA2B39FA54007AB774 /* Sturldata.swift in Sources */ = {isa = PBXBuildFile; fileRef = B85BF5A92B39FA54007AB774 /* Sturldata.swift */; };
		B89CA7842B3E1C7300B21329 /* Palette.swift in Sources */ = {isa = PBXBuildFile; fileRef = B89CA7832B3E1C7300B21329 /* Palette.swift */; };
		B89CA7862B3E1DAE00B21329 /* PaletteStore.swift in Sources */ = {isa = PBXBuildFile; fileRef = B89CA7852B3E1DAE00B21329 /* PaletteStore.swift */; };
		B89CA7882B3E20D600B21329 /* PaletteChooserView.swift in Sources */ = {isa = PBXBuildFile; fileRef = B89CA7872B3E20D600B21329 /* PaletteChooserView.swift */; };
		B89CA78A2B3E741B00B21329 /* PaletteEditor.swift in Sources */ = {isa = PBXBuildFile; fileRef = B89CA7892B3E741B00B21329 /* PaletteEditor.swift */; };
		B89CA78C2B3E7BF500B21329 /* PaletteList.swift in Sources */ = {isa = PBXBuildFile; fileRef = B89CA78B2B3E7BF500B21329 /* PaletteList.swift */; };
		B89CA78E2B3E821A00B21329 /* PaletteMangeView.swift in Sources */ = {isa = PBXBuildFile; fileRef = B89CA78D2B3E821A00B21329 /* PaletteMangeView.swift */; };
/* End PBXBuildFile section */

/* Begin PBXFileReference section */
		B85BF5902B39DF75007AB774 /* EmojiDraw.app */ = {isa = PBXFileReference; explicitFileType = wrapper.application; includeInIndex = 0; path = EmojiDraw.app; sourceTree = BUILT_PRODUCTS_DIR; };
		B85BF5932B39DF75007AB774 /* EmojiDrawApp.swift */ = {isa = PBXFileReference; lastKnownFileType = sourcecode.swift; path = EmojiDrawApp.swift; sourceTree = "<group>"; };
		B85BF5952B39DF75007AB774 /* ContentView.swift */ = {isa = PBXFileReference; lastKnownFileType = sourcecode.swift; path = ContentView.swift; sourceTree = "<group>"; };
		B85BF5972B39DF77007AB774 /* Assets.xcassets */ = {isa = PBXFileReference; lastKnownFileType = folder.assetcatalog; path = Assets.xcassets; sourceTree = "<group>"; };
		B85BF59A2B39DF77007AB774 /* Preview Assets.xcassets */ = {isa = PBXFileReference; lastKnownFileType = folder.assetcatalog; path = "Preview Assets.xcassets"; sourceTree = "<group>"; };
		B85BF5A12B39DFD0007AB774 /* EmojiArtModel.swift */ = {isa = PBXFileReference; lastKnownFileType = sourcecode.swift; path = EmojiArtModel.swift; sourceTree = "<group>"; };
		B85BF5A32B39E06B007AB774 /* EmojiArtDocument.swift */ = {isa = PBXFileReference; lastKnownFileType = sourcecode.swift; path = EmojiArtDocument.swift; sourceTree = "<group>"; };
		B85BF5A52B39E80D007AB774 /* EmojiArtDocumentView.swift */ = {isa = PBXFileReference; lastKnownFileType = sourcecode.swift; path = EmojiArtDocumentView.swift; sourceTree = "<group>"; };
		B85BF5A72B39E9E6007AB774 /* Extensions.swift */ = {isa = PBXFileReference; lastKnownFileType = sourcecode.swift; path = Extensions.swift; sourceTree = "<group>"; };
		B85BF5A92B39FA54007AB774 /* Sturldata.swift */ = {isa = PBXFileReference; lastKnownFileType = sourcecode.swift; path = Sturldata.swift; sourceTree = "<group>"; };
		B89CA7832B3E1C7300B21329 /* Palette.swift */ = {isa = PBXFileReference; lastKnownFileType = sourcecode.swift; path = Palette.swift; sourceTree = "<group>"; };
		B89CA7852B3E1DAE00B21329 /* PaletteStore.swift */ = {isa = PBXFileReference; lastKnownFileType = sourcecode.swift; path = PaletteStore.swift; sourceTree = "<group>"; };
		B89CA7872B3E20D600B21329 /* PaletteChooserView.swift */ = {isa = PBXFileReference; lastKnownFileType = sourcecode.swift; path = PaletteChooserView.swift; sourceTree = "<group>"; };
		B89CA7892B3E741B00B21329 /* PaletteEditor.swift */ = {isa = PBXFileReference; lastKnownFileType = sourcecode.swift; path = PaletteEditor.swift; sourceTree = "<group>"; };
		B89CA78B2B3E7BF500B21329 /* PaletteList.swift */ = {isa = PBXFileReference; lastKnownFileType = sourcecode.swift; path = PaletteList.swift; sourceTree = "<group>"; };
		B89CA78D2B3E821A00B21329 /* PaletteMangeView.swift */ = {isa = PBXFileReference; lastKnownFileType = sourcecode.swift; path = PaletteMangeView.swift; sourceTree = "<group>"; };
		B89CA78F2B3FC86C00B21329 /* Info.plist */ = {isa = PBXFileReference; lastKnownFileType = text.plist; path = Info.plist; sourceTree = "<group>"; };
/* End PBXFileReference section */

/* Begin PBXFrameworksBuildPhase section */
		B85BF58D2B39DF75007AB774 /* Frameworks */ = {
			isa = PBXFrameworksBuildPhase;
			buildActionMask = 2147483647;
			files = (
			);
			runOnlyForDeploymentPostprocessing = 0;
		};
/* End PBXFrameworksBuildPhase section */

/* Begin PBXGroup section */
		B85BF5872B39DF75007AB774 = {
			isa = PBXGroup;
			children = (
				B85BF5922B39DF75007AB774 /* EmojiDraw */,
				B85BF5912B39DF75007AB774 /* Products */,
			);
			sourceTree = "<group>";
		};
		B85BF5912B39DF75007AB774 /* Products */ = {
			isa = PBXGroup;
			children = (
				B85BF5902B39DF75007AB774 /* EmojiDraw.app */,
			);
			name = Products;
			sourceTree = "<group>";
		};
		B85BF5922B39DF75007AB774 /* EmojiDraw */ = {
			isa = PBXGroup;
			children = (
				B89CA78F2B3FC86C00B21329 /* Info.plist */,
				B85BF5932B39DF75007AB774 /* EmojiDrawApp.swift */,
				B85BF5952B39DF75007AB774 /* ContentView.swift */,
				B85BF5972B39DF77007AB774 /* Assets.xcassets */,
				B85BF5992B39DF77007AB774 /* Preview Content */,
				B85BF5A12B39DFD0007AB774 /* EmojiArtModel.swift */,
				B85BF5A32B39E06B007AB774 /* EmojiArtDocument.swift */,
				B85BF5A52B39E80D007AB774 /* EmojiArtDocumentView.swift */,
				B85BF5A72B39E9E6007AB774 /* Extensions.swift */,
				B85BF5A92B39FA54007AB774 /* Sturldata.swift */,
				B89CA7832B3E1C7300B21329 /* Palette.swift */,
				B89CA7852B3E1DAE00B21329 /* PaletteStore.swift */,
				B89CA7872B3E20D600B21329 /* PaletteChooserView.swift */,
				B89CA7892B3E741B00B21329 /* PaletteEditor.swift */,
				B89CA78B2B3E7BF500B21329 /* PaletteList.swift */,
				B89CA78D2B3E821A00B21329 /* PaletteMangeView.swift */,
			);
			path = EmojiDraw;
			sourceTree = "<group>";
		};
		B85BF5992B39DF77007AB774 /* Preview Content */ = {
			isa = PBXGroup;
			children = (
				B85BF59A2B39DF77007AB774 /* Preview Assets.xcassets */,
			);
			path = "Preview Content";
			sourceTree = "<group>";
		};
/* End PBXGroup section */

/* Begin PBXNativeTarget section */
		B85BF58F2B39DF75007AB774 /* EmojiDraw */ = {
			isa = PBXNativeTarget;
			buildConfigurationList = B85BF59E2B39DF77007AB774 /* Build configuration list for PBXNativeTarget "EmojiDraw" */;
			buildPhases = (
				B85BF58C2B39DF75007AB774 /* Sources */,
				B85BF58D2B39DF75007AB774 /* Frameworks */,
				B85BF58E2B39DF75007AB774 /* Resources */,
			);
			buildRules = (
			);
			dependencies = (
			);
			name = EmojiDraw;
			productName = EmojiDraw;
			productReference = B85BF5902B39DF75007AB774 /* EmojiDraw.app */;
			productType = "com.apple.product-type.application";
		};
/* End PBXNativeTarget section */

/* Begin PBXProject section */
		B85BF5882B39DF75007AB774 /* Project object */ = {
			isa = PBXProject;
			attributes = {
				BuildIndependentTargetsInParallel = 1;
				LastSwiftUpdateCheck = 1500;
				LastUpgradeCheck = 1500;
				TargetAttributes = {
					B85BF58F2B39DF75007AB774 = {
						CreatedOnToolsVersion = 15.0.1;
					};
				};
			};
			buildConfigurationList = B85BF58B2B39DF75007AB774 /* Build configuration list for PBXProject "EmojiDraw" */;
			compatibilityVersion = "Xcode 14.0";
			developmentRegion = en;
			hasScannedForEncodings = 0;
			knownRegions = (
				en,
				Base,
			);
			mainGroup = B85BF5872B39DF75007AB774;
			productRefGroup = B85BF5912B39DF75007AB774 /* Products */;
			projectDirPath = "";
			projectRoot = "";
			targets = (
				B85BF58F2B39DF75007AB774 /* EmojiDraw */,
			);
		};
/* End PBXProject section */

/* Begin PBXResourcesBuildPhase section */
		B85BF58E2B39DF75007AB774 /* Resources */ = {
			isa = PBXResourcesBuildPhase;
			buildActionMask = 2147483647;
			files = (
				B85BF59B2B39DF77007AB774 /* Preview Assets.xcassets in Resources */,
				B85BF5982B39DF77007AB774 /* Assets.xcassets in Resources */,
			);
			runOnlyForDeploymentPostprocessing = 0;
		};
/* End PBXResourcesBuildPhase section */

/* Begin PBXSourcesBuildPhase section */
		B85BF58C2B39DF75007AB774 /* Sources */ = {
			isa = PBXSourcesBuildPhase;
			buildActionMask = 2147483647;
			files = (
				B85BF5AA2B39FA54007AB774 /* Sturldata.swift in Sources */,
				B85BF5A62B39E80D007AB774 /* EmojiArtDocumentView.swift in Sources */,
				B89CA7882B3E20D600B21329 /* PaletteChooserView.swift in Sources */,
				B89CA78C2B3E7BF500B21329 /* PaletteList.swift in Sources */,
				B85BF5A82B39E9E6007AB774 /* Extensions.swift in Sources */,
				B85BF5962B39DF75007AB774 /* ContentView.swift in Sources */,
				B89CA7862B3E1DAE00B21329 /* PaletteStore.swift in Sources */,
				B89CA78A2B3E741B00B21329 /* PaletteEditor.swift in Sources */,
				B85BF5942B39DF75007AB774 /* EmojiDrawApp.swift in Sources */,
				B85BF5A22B39DFD0007AB774 /* EmojiArtModel.swift in Sources */,
				B85BF5A42B39E06B007AB774 /* EmojiArtDocument.swift in Sources */,
				B89CA7842B3E1C7300B21329 /* Palette.swift in Sources */,
				B89CA78E2B3E821A00B21329 /* PaletteMangeView.swift in Sources */,
			);
			runOnlyForDeploymentPostprocessing = 0;
		};
/* End PBXSourcesBuildPhase section */

/* Begin XCBuildConfiguration section */
		B85BF59C2B39DF77007AB774 /* Debug */ = {
			isa = XCBuildConfiguration;
			buildSettings = {
				ALWAYS_SEARCH_USER_PATHS = NO;
				ASSETCATALOG_COMPILER_GENERATE_SWIFT_ASSET_SYMBOL_EXTENSIONS = YES;
				CLANG_ANALYZER_NONNULL = YES;
				CLANG_ANALYZER_NUMBER_OBJECT_CONVERSION = YES_AGGRESSIVE;
				CLANG_CXX_LANGUAGE_STANDARD = "gnu++20";
				CLANG_ENABLE_MODULES = YES;
				CLANG_ENABLE_OBJC_ARC = YES;
				CLANG_ENABLE_OBJC_WEAK = YES;
				CLANG_WARN_BLOCK_CAPTURE_AUTORELEASING = YES;
				CLANG_WARN_BOOL_CONVERSION = YES;
				CLANG_WARN_COMMA = YES;
				CLANG_WARN_CONSTANT_CONVERSION = YES;
				CLANG_WARN_DEPRECATED_OBJC_IMPLEMENTATIONS = YES;
				CLANG_WARN_DIRECT_OBJC_ISA_USAGE = YES_ERROR;
				CLANG_WARN_DOCUMENTATION_COMMENTS = YES;
				CLANG_WARN_EMPTY_BODY = YES;
				CLANG_WARN_ENUM_CONVERSION = YES;
				CLANG_WARN_INFINITE_RECURSION = YES;
				CLANG_WARN_INT_CONVERSION = YES;
				CLANG_WARN_NON_LITERAL_NULL_CONVERSION = YES;
				CLANG_WARN_OBJC_IMPLICIT_RETAIN_SELF = YES;
				CLANG_WARN_OBJC_LITERAL_CONVERSION = YES;
				CLANG_WARN_OBJC_ROOT_CLASS = YES_ERROR;
				CLANG_WARN_QUOTED_INCLUDE_IN_FRAMEWORK_HEADER = YES;
				CLANG_WARN_RANGE_LOOP_ANALYSIS = YES;
				CLANG_WARN_STRICT_PROTOTYPES = YES;
				CLANG_WARN_SUSPICIOUS_MOVE = YES;
				CLANG_WARN_UNGUARDED_AVAILABILITY = YES_AGGRESSIVE;
				CLANG_WARN_UNREACHABLE_CODE = YES;
				CLANG_WARN__DUPLICATE_METHOD_MATCH = YES;
				COPY_PHASE_STRIP = NO;
				DEBUG_INFORMATION_FORMAT = dwarf;
				ENABLE_STRICT_OBJC_MSGSEND = YES;
				ENABLE_TESTABILITY = YES;
				ENABLE_USER_SCRIPT_SANDBOXING = YES;
				GCC_C_LANGUAGE_STANDARD = gnu17;
				GCC_DYNAMIC_NO_PIC = NO;
				GCC_NO_COMMON_BLOCKS = YES;
				GCC_OPTIMIZATION_LEVEL = 0;
				GCC_PREPROCESSOR_DEFINITIONS = (
					"DEBUG=1",
					"$(inherited)",
				);
				GCC_WARN_64_TO_32_BIT_CONVERSION = YES;
				GCC_WARN_ABOUT_RETURN_TYPE = YES_ERROR;
				GCC_WARN_UNDECLARED_SELECTOR = YES;
				GCC_WARN_UNINITIALIZED_AUTOS = YES_AGGRESSIVE;
				GCC_WARN_UNUSED_FUNCTION = YES;
				GCC_WARN_UNUSED_VARIABLE = YES;
				IPHONEOS_DEPLOYMENT_TARGET = 17.0;
				LOCALIZATION_PREFERS_STRING_CATALOGS = YES;
				MTL_ENABLE_DEBUG_INFO = INCLUDE_SOURCE;
				MTL_FAST_MATH = YES;
				ONLY_ACTIVE_ARCH = YES;
				SDKROOT = iphoneos;
				SWIFT_ACTIVE_COMPILATION_CONDITIONS = "DEBUG $(inherited)";
				SWIFT_OPTIMIZATION_LEVEL = "-Onone";
			};
			name = Debug;
		};
		B85BF59D2B39DF77007AB774 /* Release */ = {
			isa = XCBuildConfiguration;
			buildSettings = {
				ALWAYS_SEARCH_USER_PATHS = NO;
				ASSETCATALOG_COMPILER_GENERATE_SWIFT_ASSET_SYMBOL_EXTENSIONS = YES;
				CLANG_ANALYZER_NONNULL = YES;
				CLANG_ANALYZER_NUMBER_OBJECT_CONVERSION = YES_AGGRESSIVE;
				CLANG_CXX_LANGUAGE_STANDARD = "gnu++20";
				CLANG_ENABLE_MODULES = YES;
				CLANG_ENABLE_OBJC_ARC = YES;
				CLANG_ENABLE_OBJC_WEAK = YES;
				CLANG_WARN_BLOCK_CAPTURE_AUTORELEASING = YES;
				CLANG_WARN_BOOL_CONVERSION = YES;
				CLANG_WARN_COMMA = YES;
				CLANG_WARN_CONSTANT_CONVERSION = YES;
				CLANG_WARN_DEPRECATED_OBJC_IMPLEMENTATIONS = YES;
				CLANG_WARN_DIRECT_OBJC_ISA_USAGE = YES_ERROR;
				CLANG_WARN_DOCUMENTATION_COMMENTS = YES;
				CLANG_WARN_EMPTY_BODY = YES;
				CLANG_WARN_ENUM_CONVERSION = YES;
				CLANG_WARN_INFINITE_RECURSION = YES;
				CLANG_WARN_INT_CONVERSION = YES;
				CLANG_WARN_NON_LITERAL_NULL_CONVERSION = YES;
				CLANG_WARN_OBJC_IMPLICIT_RETAIN_SELF = YES;
				CLANG_WARN_OBJC_LITERAL_CONVERSION = YES;
				CLANG_WARN_OBJC_ROOT_CLASS = YES_ERROR;
				CLANG_WARN_QUOTED_INCLUDE_IN_FRAMEWORK_HEADER = YES;
				CLANG_WARN_RANGE_LOOP_ANALYSIS = YES;
				CLANG_WARN_STRICT_PROTOTYPES = YES;
				CLANG_WARN_SUSPICIOUS_MOVE = YES;
				CLANG_WARN_UNGUARDED_AVAILABILITY = YES_AGGRESSIVE;
				CLANG_WARN_UNREACHABLE_CODE = YES;
				CLANG_WARN__DUPLICATE_METHOD_MATCH = YES;
				COPY_PHASE_STRIP = NO;
				DEBUG_INFORMATION_FORMAT = "dwarf-with-dsym";
				ENABLE_NS_ASSERTIONS = NO;
				ENABLE_STRICT_OBJC_MSGSEND = YES;
				ENABLE_USER_SCRIPT_SANDBOXING = YES;
				GCC_C_LANGUAGE_STANDARD = gnu17;
				GCC_NO_COMMON_BLOCKS = YES;
				GCC_WARN_64_TO_32_BIT_CONVERSION = YES;
				GCC_WARN_ABOUT_RETURN_TYPE = YES_ERROR;
				GCC_WARN_UNDECLARED_SELECTOR = YES;
				GCC_WARN_UNINITIALIZED_AUTOS = YES_AGGRESSIVE;
				GCC_WARN_UNUSED_FUNCTION = YES;
				GCC_WARN_UNUSED_VARIABLE = YES;
				IPHONEOS_DEPLOYMENT_TARGET = 17.0;
				LOCALIZATION_PREFERS_STRING_CATALOGS = YES;
				MTL_ENABLE_DEBUG_INFO = NO;
				MTL_FAST_MATH = YES;
				SDKROOT = iphoneos;
				SWIFT_COMPILATION_MODE = wholemodule;
				VALIDATE_PRODUCT = YES;
			};
			name = Release;
		};
		B85BF59F2B39DF77007AB774 /* Debug */ = {
			isa = XCBuildConfiguration;
			buildSettings = {
				ASSETCATALOG_COMPILER_APPICON_NAME = AppIcon;
				ASSETCATALOG_COMPILER_GLOBAL_ACCENT_COLOR_NAME = AccentColor;
				CODE_SIGN_STYLE = Automatic;
				CURRENT_PROJECT_VERSION = 1;
				DEVELOPMENT_ASSET_PATHS = "\"EmojiDraw/Preview Content\"";
				DEVELOPMENT_TEAM = 9WUR3U97J6;
				ENABLE_PREVIEWS = YES;
				GENERATE_INFOPLIST_FILE = YES;
				INFOPLIST_FILE = EmojiDraw/Info.plist;
				INFOPLIST_KEY_UIApplicationSceneManifest_Generation = YES;
				INFOPLIST_KEY_UIApplicationSupportsIndirectInputEvents = YES;
				INFOPLIST_KEY_UILaunchScreen_Generation = YES;
				INFOPLIST_KEY_UISupportedInterfaceOrientations_iPad = "UIInterfaceOrientationPortrait UIInterfaceOrientationPortraitUpsideDown UIInterfaceOrientationLandscapeLeft UIInterfaceOrientationLandscapeRight";
				INFOPLIST_KEY_UISupportedInterfaceOrientations_iPhone = "UIInterfaceOrientationPortrait UIInterfaceOrientationLandscapeLeft UIInterfaceOrientationLandscapeRight";
				INFOPLIST_KEY_UISupportsDocumentBrowser = YES;
				LD_RUNPATH_SEARCH_PATHS = (
					"$(inherited)",
					"@executable_path/Frameworks",
				);
				MARKETING_VERSION = 1.0;
				PRODUCT_BUNDLE_IDENTIFIER = mzhfei.EmojiDraw;
				PRODUCT_NAME = "$(TARGET_NAME)";
				SWIFT_EMIT_LOC_STRINGS = YES;
				SWIFT_VERSION = 5.0;
				TARGETED_DEVICE_FAMILY = "1,2";
			};
			name = Debug;
		};
		B85BF5A02B39DF77007AB774 /* Release */ = {
			isa = XCBuildConfiguration;
			buildSettings = {
				ASSETCATALOG_COMPILER_APPICON_NAME = AppIcon;
				ASSETCATALOG_COMPILER_GLOBAL_ACCENT_COLOR_NAME = AccentColor;
				CODE_SIGN_STYLE = Automatic;
				CURRENT_PROJECT_VERSION = 1;
				DEVELOPMENT_ASSET_PATHS = "\"EmojiDraw/Preview Content\"";
				DEVELOPMENT_TEAM = 9WUR3U97J6;
				ENABLE_PREVIEWS = YES;
				GENERATE_INFOPLIST_FILE = YES;
				INFOPLIST_FILE = EmojiDraw/Info.plist;
				INFOPLIST_KEY_UIApplicationSceneManifest_Generation = YES;
				INFOPLIST_KEY_UIApplicationSupportsIndirectInputEvents = YES;
				INFOPLIST_KEY_UILaunchScreen_Generation = YES;
				INFOPLIST_KEY_UISupportedInterfaceOrientations_iPad = "UIInterfaceOrientationPortrait UIInterfaceOrientationPortraitUpsideDown UIInterfaceOrientationLandscapeLeft UIInterfaceOrientationLandscapeRight";
				INFOPLIST_KEY_UISupportedInterfaceOrientations_iPhone = "UIInterfaceOrientationPortrait UIInterfaceOrientationLandscapeLeft UIInterfaceOrientationLandscapeRight";
				INFOPLIST_KEY_UISupportsDocumentBrowser = YES;
				LD_RUNPATH_SEARCH_PATHS = (
					"$(inherited)",
					"@executable_path/Frameworks",
				);
				MARKETING_VERSION = 1.0;
				PRODUCT_BUNDLE_IDENTIFIER = mzhfei.EmojiDraw;
				PRODUCT_NAME = "$(TARGET_NAME)";
				SWIFT_EMIT_LOC_STRINGS = YES;
				SWIFT_VERSION = 5.0;
				TARGETED_DEVICE_FAMILY = "1,2";
			};
			name = Release;
		};
/* End XCBuildConfiguration section */

/* Begin XCConfigurationList section */
		B85BF58B2B39DF75007AB774 /* Build configuration list for PBXProject "EmojiDraw" */ = {
			isa = XCConfigurationList;
			buildConfigurations = (
				B85BF59C2B39DF77007AB774 /* Debug */,
				B85BF59D2B39DF77007AB774 /* Release */,
			);
			defaultConfigurationIsVisible = 0;
			defaultConfigurationName = Release;
		};
		B85BF59E2B39DF77007AB774 /* Build configuration list for PBXNativeTarget "EmojiDraw" */ = {
			isa = XCConfigurationList;
			buildConfigurations = (
				B85BF59F2B39DF77007AB774 /* Debug */,
				B85BF5A02B39DF77007AB774 /* Release */,
			);
			defaultConfigurationIsVisible = 0;
			defaultConfigurationName = Release;
		};
/* End XCConfigurationList section */
	};
	rootObject = B85BF5882B39DF75007AB774 /* Project object */;
}
